
Microsoft Visual Studio Solution File, Format Version 12.00
# Visual Studio 15
VisualStudioVersion = 15.0.27004.2006
MinimumVisualStudioVersion = 10.0.40219.1
Project("{FAE04EC0-301F-11D3-BF4B-00C04F79EFBC}") = "Binding1", "Binding1\Binding1.csproj", "{6260572E-BAB0-4B7B-87A0-E9F641E8F032}"
EndProject
Global
	GlobalSection(SolutionConfigurationPlatforms) = preSolution
		Debug|Any CPU = Debug|Any CPU
		Release|Any CPU = Release|Any CPU
	EndGlobalSection
	GlobalSection(ProjectConfigurationPlatforms) = postSolution
		{6260572E-BAB0-4B7B-87A0-E9F641E8F032}.Debug|Any CPU.ActiveCfg = Debug|Any CPU
		{6260572E-BAB0-4B7B-87A0-E9F641E8F032}.Debug|Any CPU.Build.0 = Debug|Any CPU
		{6260572E-BAB0-4B7B-87A0-E9F641E8F032}.Release|Any CPU.ActiveCfg = Release|Any CPU
		{6260572E-BAB0-4B7B-87A0-E9F641E8F032}.Release|Any CPU.Build.0 = Release|Any CPU
	EndGlobalSection
	GlobalSection(SolutionProperties) = preSolution
		HideSolutionNode = FALSE
	EndGlobalSection
	GlobalSection(ExtensibilityGlobals) = postSolution
		SolutionGuid = {181A1948-20DE-4CD3-831B-08DA55B195EC}
	EndGlobalSection
EndGlobal
